
Microsoft Visual Studio Solution File, Format Version 12.00
# Visual Studio Version 16
VisualStudioVersion = 16.0.31112.23
MinimumVisualStudioVersion = 10.0.40219.1
Project("{9A19103F-16F7-4668-BE54-9A1E7A4F7556}") = "PltWindTurbine", "PltWindTurbine\PltWindTurbine.csproj", "{01313277-2763-43A6-A240-473DB96D8131}"
EndProject
Project("{9A19103F-16F7-4668-BE54-9A1E7A4F7556}") = "ReadFillesAsDatatable", "ReadFillesAsDatatable\ReadFillesAsDatatable.csproj", "{E6B7C170-3067-4383-97D4-3FBED8F396FF}"
EndProject
Project("{E53339B2-1760-4266-BCC7-CA923CBCF16C}") = "docker-compose", "docker-compose.dcproj", "{A9AB30CD-8E47-4DBF-B34C-2C1E9FD6A6A4}"
EndProject
Project("{9A19103F-16F7-4668-BE54-9A1E7A4F7556}") = "ClientPltTurbine", "ClientPltTurbine\ClientPltTurbine.csproj", "{CA1EBFFC-1A97-4AEC-9E13-F5B9A7B9609F}"
EndProject
Global
	GlobalSection(SolutionConfigurationPlatforms) = preSolution
		Debug|Any CPU = Debug|Any CPU
		Release|Any CPU = Release|Any CPU
	EndGlobalSection
	GlobalSection(ProjectConfigurationPlatforms) = postSolution
		{01313277-2763-43A6-A240-473DB96D8131}.Debug|Any CPU.ActiveCfg = Debug|Any CPU
		{01313277-2763-43A6-A240-473DB96D8131}.Debug|Any CPU.Build.0 = Debug|Any CPU
		{01313277-2763-43A6-A240-473DB96D8131}.Release|Any CPU.ActiveCfg = Release|Any CPU
		{01313277-2763-43A6-A240-473DB96D8131}.Release|Any CPU.Build.0 = Release|Any CPU
		{E6B7C170-3067-4383-97D4-3FBED8F396FF}.Debug|Any CPU.ActiveCfg = Debug|Any CPU
		{E6B7C170-3067-4383-97D4-3FBED8F396FF}.Debug|Any CPU.Build.0 = Debug|Any CPU
		{E6B7C170-3067-4383-97D4-3FBED8F396FF}.Release|Any CPU.ActiveCfg = Release|Any CPU
		{E6B7C170-3067-4383-97D4-3FBED8F396FF}.Release|Any CPU.Build.0 = Release|Any CPU
		{A9AB30CD-8E47-4DBF-B34C-2C1E9FD6A6A4}.Debug|Any CPU.ActiveCfg = Debug|Any CPU
		{A9AB30CD-8E47-4DBF-B34C-2C1E9FD6A6A4}.Debug|Any CPU.Build.0 = Debug|Any CPU
		{A9AB30CD-8E47-4DBF-B34C-2C1E9FD6A6A4}.Release|Any CPU.ActiveCfg = Release|Any CPU
		{A9AB30CD-8E47-4DBF-B34C-2C1E9FD6A6A4}.Release|Any CPU.Build.0 = Release|Any CPU
		{CA1EBFFC-1A97-4AEC-9E13-F5B9A7B9609F}.Debug|Any CPU.ActiveCfg = Debug|Any CPU
		{CA1EBFFC-1A97-4AEC-9E13-F5B9A7B9609F}.Debug|Any CPU.Build.0 = Debug|Any CPU
		{CA1EBFFC-1A97-4AEC-9E13-F5B9A7B9609F}.Release|Any CPU.ActiveCfg = Release|Any CPU
		{CA1EBFFC-1A97-4AEC-9E13-F5B9A7B9609F}.Release|Any CPU.Build.0 = Release|Any CPU
	EndGlobalSection
	GlobalSection(SolutionProperties) = preSolution
		HideSolutionNode = FALSE
	EndGlobalSection
	GlobalSection(ExtensibilityGlobals) = postSolution
		SolutionGuid = {28C94B13-3655-4F7E-BF6C-D487902EB5E8}
	EndGlobalSection
EndGlobal
